
Microsoft Visual Studio Solution File, Format Version 12.00
# Visual Studio Version 16
VisualStudioVersion = 16.0.29613.14
MinimumVisualStudioVersion = 10.0.40219.1
Project("{9A19103F-16F7-4668-BE54-9A1E7A4F7556}") = "terminus-webapp", "terminus-webapp.csproj", "{441B234A-90B6-41BD-AEBF-DBDF977DC71B}"
EndProject
Project("{9A19103F-16F7-4668-BE54-9A1E7A4F7556}") = "terminus.shared.models", "..\terminus.shared.models\terminus.shared.models.csproj", "{FFFE2052-65A8-428A-B5E9-39E1CD36B4D9}"
EndProject
Global
	GlobalSection(SolutionConfigurationPlatforms) = preSolution
		Debug|Any CPU = Debug|Any CPU
		Release|Any CPU = Release|Any CPU
	EndGlobalSection
	GlobalSection(ProjectConfigurationPlatforms) = postSolution
		{441B234A-90B6-41BD-AEBF-DBDF977DC71B}.Debug|Any CPU.ActiveCfg = Debug|Any CPU
		{441B234A-90B6-41BD-AEBF-DBDF977DC71B}.Debug|Any CPU.Build.0 = Debug|Any CPU
		{441B234A-90B6-41BD-AEBF-DBDF977DC71B}.Release|Any CPU.ActiveCfg = Release|Any CPU
		{441B234A-90B6-41BD-AEBF-DBDF977DC71B}.Release|Any CPU.Build.0 = Release|Any CPU
		{FFFE2052-65A8-428A-B5E9-39E1CD36B4D9}.Debug|Any CPU.ActiveCfg = Debug|Any CPU
		{FFFE2052-65A8-428A-B5E9-39E1CD36B4D9}.Debug|Any CPU.Build.0 = Debug|Any CPU
		{FFFE2052-65A8-428A-B5E9-39E1CD36B4D9}.Release|Any CPU.ActiveCfg = Release|Any CPU
		{FFFE2052-65A8-428A-B5E9-39E1CD36B4D9}.Release|Any CPU.Build.0 = Release|Any CPU
	EndGlobalSection
	GlobalSection(SolutionProperties) = preSolution
		HideSolutionNode = FALSE
	EndGlobalSection
	GlobalSection(ExtensibilityGlobals) = postSolution
		SolutionGuid = {912C632D-9E81-485A-B4B2-E6690EF5F0F0}
	EndGlobalSection
EndGlobal
